Microsoft Visual Studio Solution File, Format Version 11.00
# Visual Studio 2008

Project("{36B0BB19-D32B-A1C8-9EC1-32C6D25199B9}") = "assignment 3", "Assembly-CSharp.csproj", "{502D44BA-0984-E2AF-C3A4-2F625C54ABC8}"
EndProject
Global
	GlobalSection(SolutionConfigurationPlatforms) = preSolution
		Debug|Any CPU = Debug|Any CPU
		Release|Any CPU = Release|Any CPU
	EndGlobalSection
	GlobalSection(ProjectConfigurationPlatforms) = postSolution
		{502D44BA-0984-E2AF-C3A4-2F625C54ABC8}.Debug|Any CPU.ActiveCfg = Debug|Any CPU
		{502D44BA-0984-E2AF-C3A4-2F625C54ABC8}.Debug|Any CPU.Build.0 = Debug|Any CPU
		{502D44BA-0984-E2AF-C3A4-2F625C54ABC8}.Release|Any CPU.ActiveCfg = Release|Any CPU
		{502D44BA-0984-E2AF-C3A4-2F625C54ABC8}.Release|Any CPU.Build.0 = Release|Any CPU
	EndGlobalSection
	GlobalSection(SolutionProperties) = preSolution
		HideSolutionNode = FALSE
	EndGlobalSection
	GlobalSection(MonoDevelopProperties) = preSolution
		StartupItem = Assembly-CSharp.csproj
	EndGlobalSection
EndGlobal
