Microsoft Visual Studio Solution File, Format Version 11.00
# Visual Studio 2008

Project("{252AFD50-0F1C-175F-91F1-46896C1C97A7}") = "MAGD-Project1", "Assembly-CSharp.csproj", "{A1FC3387-AE58-650C-0D5A-38AFF85BA38F}"
EndProject
Global
	GlobalSection(SolutionConfigurationPlatforms) = preSolution
		Debug|Any CPU = Debug|Any CPU
		Release|Any CPU = Release|Any CPU
	EndGlobalSection
	GlobalSection(ProjectConfigurationPlatforms) = postSolution
		{A1FC3387-AE58-650C-0D5A-38AFF85BA38F}.Debug|Any CPU.ActiveCfg = Debug|Any CPU
		{A1FC3387-AE58-650C-0D5A-38AFF85BA38F}.Debug|Any CPU.Build.0 = Debug|Any CPU
		{A1FC3387-AE58-650C-0D5A-38AFF85BA38F}.Release|Any CPU.ActiveCfg = Release|Any CPU
		{A1FC3387-AE58-650C-0D5A-38AFF85BA38F}.Release|Any CPU.Build.0 = Release|Any CPU
	EndGlobalSection
	GlobalSection(SolutionProperties) = preSolution
		HideSolutionNode = FALSE
	EndGlobalSection
	GlobalSection(MonoDevelopProperties) = preSolution
		StartupItem = Assembly-CSharp.csproj
	EndGlobalSection
EndGlobal
